
Microsoft Visual Studio Solution File, Format Version 11.00
# Visual Studio 2010
Project("{8BC9CEB8-8B4A-11D0-8D11-00A0C91BC942}") = "mariamole", "mariamole.vcxproj", "{261065F0-C24F-43E6-917C-EB6DAAB0E25F}"
EndProject
Global
	GlobalSection(SolutionConfigurationPlatforms) = preSolution
		Debug|Win32 = Debug|Win32
		Release|Win32 = Release|Win32
	EndGlobalSection
	GlobalSection(ProjectConfigurationPlatforms) = postSolution
		{261065F0-C24F-43E6-917C-EB6DAAB0E25F}.Debug|Win32.ActiveCfg = Debug|Win32
		{261065F0-C24F-43E6-917C-EB6DAAB0E25F}.Debug|Win32.Build.0 = Debug|Win32
		{261065F0-C24F-43E6-917C-EB6DAAB0E25F}.Release|Win32.ActiveCfg = Release|Win32
		{261065F0-C24F-43E6-917C-EB6DAAB0E25F}.Release|Win32.Build.0 = Release|Win32
	EndGlobalSection
	GlobalSection(SolutionProperties) = preSolution
		HideSolutionNode = FALSE
	EndGlobalSection
EndGlobal
